Microsoft Visual Studio Solution File, Format Version 12.00
# Placeholder solution – create real one with `dotnet new sln && dotnet sln add ...`
Project("{2150E333-8FDC-42A3-9474-1A3956D46DE8}") = "src", "src", "{BE8098A2-CC14-45F5-B8F7-06608EDAB026}"
EndProject
Project("{FAE04EC0-301F-11D3-BF4B-00C04F79EFBC}") = "Pss.FhirProcessor.Engine", "src\Pss.FhirProcessor.Engine\Pss.FhirProcessor.Engine.csproj", "{F280BAEA-979C-4834-8F46-80438AB6CFDE}"
EndProject
Project("{FAE04EC0-301F-11D3-BF4B-00C04F79EFBC}") = "Pss.FhirProcessor.Playground.Api", "src\Pss.FhirProcessor.Playground.Api\Pss.FhirProcessor.Playground.Api.csproj", "{600EA635-D141-4DCC-92DF-92DBCF592EC2}"
EndProject
Project("{2150E333-8FDC-42A3-9474-1A3956D46DE8}") = "tests", "tests", "{7D454D5D-CBE7-494F-83BC-F86EA2EA0267}"
EndProject
Project("{FAE04EC0-301F-11D3-BF4B-00C04F79EFBC}") = "Pss.FhirProcessor.Engine.Tests", "tests\Pss.FhirProcessor.Engine.Tests\Pss.FhirProcessor.Engine.Tests.csproj", "{A6B424FB-A501-42DB-A5EC-57914A90A166}"
EndProject
Project("{FAE04EC0-301F-11D3-BF4B-00C04F79EFBC}") = "Pss.FhirProcessor.Playground.Api.Tests", "tests\Pss.FhirProcessor.Playground.Api.Tests\Pss.FhirProcessor.Playground.Api.Tests.csproj", "{51637D33-FA2B-4FA3-B3F1-5845B27C4CCA}"
EndProject
Global
	GlobalSection(SolutionConfigurationPlatforms) = preSolution
		Debug|Any CPU = Debug|Any CPU
		Debug|x64 = Debug|x64
		Debug|x86 = Debug|x86
		Release|Any CPU = Release|Any CPU
		Release|x64 = Release|x64
		Release|x86 = Release|x86
	EndGlobalSection
	GlobalSection(ProjectConfigurationPlatforms) = postSolution
		{F280BAEA-979C-4834-8F46-80438AB6CFDE}.Debug|Any CPU.ActiveCfg = Debug|Any CPU
		{F280BAEA-979C-4834-8F46-80438AB6CFDE}.Debug|Any CPU.Build.0 = Debug|Any CPU
		{F280BAEA-979C-4834-8F46-80438AB6CFDE}.Debug|x64.ActiveCfg = Debug|Any CPU
		{F280BAEA-979C-4834-8F46-80438AB6CFDE}.Debug|x64.Build.0 = Debug|Any CPU
		{F280BAEA-979C-4834-8F46-80438AB6CFDE}.Debug|x86.ActiveCfg = Debug|Any CPU
		{F280BAEA-979C-4834-8F46-80438AB6CFDE}.Debug|x86.Build.0 = Debug|Any CPU
		{F280BAEA-979C-4834-8F46-80438AB6CFDE}.Release|Any CPU.ActiveCfg = Release|Any CPU
		{F280BAEA-979C-4834-8F46-80438AB6CFDE}.Release|Any CPU.Build.0 = Release|Any CPU
		{F280BAEA-979C-4834-8F46-80438AB6CFDE}.Release|x64.ActiveCfg = Release|Any CPU
		{F280BAEA-979C-4834-8F46-80438AB6CFDE}.Release|x64.Build.0 = Release|Any CPU
		{F280BAEA-979C-4834-8F46-80438AB6CFDE}.Release|x86.ActiveCfg = Release|Any CPU
		{F280BAEA-979C-4834-8F46-80438AB6CFDE}.Release|x86.Build.0 = Release|Any CPU
		{600EA635-D141-4DCC-92DF-92DBCF592EC2}.Debug|Any CPU.ActiveCfg = Debug|Any CPU
		{600EA635-D141-4DCC-92DF-92DBCF592EC2}.Debug|Any CPU.Build.0 = Debug|Any CPU
		{600EA635-D141-4DCC-92DF-92DBCF592EC2}.Debug|x64.ActiveCfg = Debug|Any CPU
		{600EA635-D141-4DCC-92DF-92DBCF592EC2}.Debug|x64.Build.0 = Debug|Any CPU
		{600EA635-D141-4DCC-92DF-92DBCF592EC2}.Debug|x86.ActiveCfg = Debug|Any CPU
		{600EA635-D141-4DCC-92DF-92DBCF592EC2}.Debug|x86.Build.0 = Debug|Any CPU
		{600EA635-D141-4DCC-92DF-92DBCF592EC2}.Release|Any CPU.ActiveCfg = Release|Any CPU
		{600EA635-D141-4DCC-92DF-92DBCF592EC2}.Release|Any CPU.Build.0 = Release|Any CPU
		{600EA635-D141-4DCC-92DF-92DBCF592EC2}.Release|x64.ActiveCfg = Release|Any CPU
		{600EA635-D141-4DCC-92DF-92DBCF592EC2}.Release|x64.Build.0 = Release|Any CPU
		{600EA635-D141-4DCC-92DF-92DBCF592EC2}.Release|x86.ActiveCfg = Release|Any CPU
		{600EA635-D141-4DCC-92DF-92DBCF592EC2}.Release|x86.Build.0 = Release|Any CPU
		{A6B424FB-A501-42DB-A5EC-57914A90A166}.Debug|Any CPU.ActiveCfg = Debug|Any CPU
		{A6B424FB-A501-42DB-A5EC-57914A90A166}.Debug|Any CPU.Build.0 = Debug|Any CPU
		{A6B424FB-A501-42DB-A5EC-57914A90A166}.Debug|x64.ActiveCfg = Debug|Any CPU
		{A6B424FB-A501-42DB-A5EC-57914A90A166}.Debug|x64.Build.0 = Debug|Any CPU
		{A6B424FB-A501-42DB-A5EC-57914A90A166}.Debug|x86.ActiveCfg = Debug|Any CPU
		{A6B424FB-A501-42DB-A5EC-57914A90A166}.Debug|x86.Build.0 = Debug|Any CPU
		{A6B424FB-A501-42DB-A5EC-57914A90A166}.Release|Any CPU.ActiveCfg = Release|Any CPU
		{A6B424FB-A501-42DB-A5EC-57914A90A166}.Release|Any CPU.Build.0 = Release|Any CPU
		{A6B424FB-A501-42DB-A5EC-57914A90A166}.Release|x64.ActiveCfg = Release|Any CPU
		{A6B424FB-A501-42DB-A5EC-57914A90A166}.Release|x64.Build.0 = Release|Any CPU
		{A6B424FB-A501-42DB-A5EC-57914A90A166}.Release|x86.ActiveCfg = Release|Any CPU
		{A6B424FB-A501-42DB-A5EC-57914A90A166}.Release|x86.Build.0 = Release|Any CPU
		{51637D33-FA2B-4FA3-B3F1-5845B27C4CCA}.Debug|Any CPU.ActiveCfg = Debug|Any CPU
		{51637D33-FA2B-4FA3-B3F1-5845B27C4CCA}.Debug|Any CPU.Build.0 = Debug|Any CPU
		{51637D33-FA2B-4FA3-B3F1-5845B27C4CCA}.Debug|x64.ActiveCfg = Debug|Any CPU
		{51637D33-FA2B-4FA3-B3F1-5845B27C4CCA}.Debug|x64.Build.0 = Debug|Any CPU
		{51637D33-FA2B-4FA3-B3F1-5845B27C4CCA}.Debug|x86.ActiveCfg = Debug|Any CPU
		{51637D33-FA2B-4FA3-B3F1-5845B27C4CCA}.Debug|x86.Build.0 = Debug|Any CPU
		{51637D33-FA2B-4FA3-B3F1-5845B27C4CCA}.Release|Any CPU.ActiveCfg = Release|Any CPU
		{51637D33-FA2B-4FA3-B3F1-5845B27C4CCA}.Release|Any CPU.Build.0 = Release|Any CPU
		{51637D33-FA2B-4FA3-B3F1-5845B27C4CCA}.Release|x64.ActiveCfg = Release|Any CPU
		{51637D33-FA2B-4FA3-B3F1-5845B27C4CCA}.Release|x64.Build.0 = Release|Any CPU
		{51637D33-FA2B-4FA3-B3F1-5845B27C4CCA}.Release|x86.ActiveCfg = Release|Any CPU
		{51637D33-FA2B-4FA3-B3F1-5845B27C4CCA}.Release|x86.Build.0 = Release|Any CPU
	EndGlobalSection
	GlobalSection(NestedProjects) = preSolution
		{F280BAEA-979C-4834-8F46-80438AB6CFDE} = {BE8098A2-CC14-45F5-B8F7-06608EDAB026}
		{600EA635-D141-4DCC-92DF-92DBCF592EC2} = {BE8098A2-CC14-45F5-B8F7-06608EDAB026}
		{A6B424FB-A501-42DB-A5EC-57914A90A166} = {7D454D5D-CBE7-494F-83BC-F86EA2EA0267}
		{51637D33-FA2B-4FA3-B3F1-5845B27C4CCA} = {7D454D5D-CBE7-494F-83BC-F86EA2EA0267}
	EndGlobalSection
EndGlobal
